// !$*UTF8*$!
{
	archiveVersion = 1;
	classes = {
	};
	objectVersion = 46;
	objects = {

/* Begin PBXBuildFile section */
		C35BBB331E5FC363006191C3 /* AppDelegate.swift in Sources */ = {isa = PBXBuildFile; fileRef = C35BBB321E5FC363006191C3 /* AppDelegate.swift */; };
		C35BBB351E5FC363006191C3 /* ViewController.swift in Sources */ = {isa = PBXBuildFile; fileRef = C35BBB341E5FC363006191C3 /* ViewController.swift */; };
		C35BBB381E5FC363006191C3 /* Main.storyboard in Resources */ = {isa = PBXBuildFile; fileRef = C35BBB361E5FC363006191C3 /* Main.storyboard */; };
		C35BBB3A1E5FC363006191C3 /* Assets.xcassets in Resources */ = {isa = PBXBuildFile; fileRef = C35BBB391E5FC363006191C3 /* Assets.xcassets */; };
		C35BBB3D1E5FC363006191C3 /* LaunchScreen.storyboard in Resources */ = {isa = PBXBuildFile; fileRef = C35BBB3B1E5FC363006191C3 /* LaunchScreen.storyboard */; };
		C35BBB481E5FC363006191C3 /* excoreTests.swift in Sources */ = {isa = PBXBuildFile; fileRef = C35BBB471E5FC363006191C3 /* excoreTests.swift */; };
		C35BBB531E5FC363006191C3 /* excoreUITests.swift in Sources */ = {isa = PBXBuildFile; fileRef = C35BBB521E5FC363006191C3 /* excoreUITests.swift */; };
		C35BBB581E5FC363006191C3 /* excore WatchKit App.app in Embed Watch Content */ = {isa = PBXBuildFile; fileRef = C35BBB571E5FC363006191C3 /* excore WatchKit App.app */; };
		C35BBB5E1E5FC363006191C3 /* Interface.storyboard in Resources */ = {isa = PBXBuildFile; fileRef = C35BBB5C1E5FC363006191C3 /* Interface.storyboard */; };
		C35BBB601E5FC363006191C3 /* Assets.xcassets in Resources */ = {isa = PBXBuildFile; fileRef = C35BBB5F1E5FC363006191C3 /* Assets.xcassets */; };
		C35BBB671E5FC363006191C3 /* excore WatchKit Extension.appex in Embed App Extensions */ = {isa = PBXBuildFile; fileRef = C35BBB661E5FC363006191C3 /* excore WatchKit Extension.appex */; settings = {ATTRIBUTES = (RemoveHeadersOnCopy, ); }; };
		C35BBB701E5FC363006191C3 /* ExtensionDelegate.swift in Sources */ = {isa = PBXBuildFile; fileRef = C35BBB6F1E5FC363006191C3 /* ExtensionDelegate.swift */; };
		C35BBB721E5FC363006191C3 /* NotificationController.swift in Sources */ = {isa = PBXBuildFile; fileRef = C35BBB711E5FC363006191C3 /* NotificationController.swift */; };
		C35BBB741E5FC363006191C3 /* Assets.xcassets in Resources */ = {isa = PBXBuildFile; fileRef = C35BBB731E5FC363006191C3 /* Assets.xcassets */; };
		C35BBB8C1E5FC44B006191C3 /* Flight.swift in Sources */ = {isa = PBXBuildFile; fileRef = C35BBB8A1E5FC44B006191C3 /* Flight.swift */; };
		C35BBB8D1E5FC44B006191C3 /* Flight.swift in Sources */ = {isa = PBXBuildFile; fileRef = C35BBB8A1E5FC44B006191C3 /* Flight.swift */; };
		C35BBB8E1E5FC44B006191C3 /* Flights.json in Resources */ = {isa = PBXBuildFile; fileRef = C35BBB8B1E5FC44B006191C3 /* Flights.json */; };
		C35BBB8F1E5FC44B006191C3 /* Flights.json in Resources */ = {isa = PBXBuildFile; fileRef = C35BBB8B1E5FC44B006191C3 /* Flights.json */; };
		C35BBB911E5FC767006191C3 /* GameSelectController.swift in Sources */ = {isa = PBXBuildFile; fileRef = C35BBB901E5FC767006191C3 /* GameSelectController.swift */; };
		C35BBB921E5FC767006191C3 /* GameSelectController.swift in Sources */ = {isa = PBXBuildFile; fileRef = C35BBB901E5FC767006191C3 /* GameSelectController.swift */; };
		C35BBB941E5FCB29006191C3 /* PingPongController.swift in Sources */ = {isa = PBXBuildFile; fileRef = C35BBB931E5FCB29006191C3 /* PingPongController.swift */; };
		C35BBB951E5FCB29006191C3 /* PingPongController.swift in Sources */ = {isa = PBXBuildFile; fileRef = C35BBB931E5FCB29006191C3 /* PingPongController.swift */; };
/* End PBXBuildFile section */

/* Begin PBXContainerItemProxy section */
		C35BBB441E5FC363006191C3 /* PBXContainerItemProxy */ = {
			isa = PBXContainerItemProxy;
			containerPortal = C35BBB271E5FC363006191C3 /* Project object */;
			proxyType = 1;
			remoteGlobalIDString = C35BBB2E1E5FC363006191C3;
			remoteInfo = excore;
		};
		C35BBB4F1E5FC363006191C3 /* PBXContainerItemProxy */ = {
			isa = PBXContainerItemProxy;
			containerPortal = C35BBB271E5FC363006191C3 /* Project object */;
			proxyType = 1;
			remoteGlobalIDString = C35BBB2E1E5FC363006191C3;
			remoteInfo = excore;
		};
		C35BBB591E5FC363006191C3 /* PBXContainerItemProxy */ = {
			isa = PBXContainerItemProxy;
			containerPortal = C35BBB271E5FC363006191C3 /* Project object */;
			proxyType = 1;
			remoteGlobalIDString = C35BBB561E5FC363006191C3;
			remoteInfo = "excore WatchKit App";
		};
		C35BBB681E5FC363006191C3 /* PBXContainerItemProxy */ = {
			isa = PBXContainerItemProxy;
			containerPortal = C35BBB271E5FC363006191C3 /* Project object */;
			proxyType = 1;
			remoteGlobalIDString = C35BBB651E5FC363006191C3;
			remoteInfo = "excore WatchKit Extension";
		};
/* End PBXContainerItemProxy section */

/* Begin PBXCopyFilesBuildPhase section */
		C35BBB7B1E5FC363006191C3 /* Embed App Extensions */ = {
			isa = PBXCopyFilesBuildPhase;
			buildActionMask = 2147483647;
			dstPath = "";
			dstSubfolderSpec = 13;
			files = (
				C35BBB671E5FC363006191C3 /* excore WatchKit Extension.appex in Embed App Extensions */,
			);
			name = "Embed App Extensions";
			runOnlyForDeploymentPostprocessing = 0;
		};
		C35BBB7F1E5FC363006191C3 /* Embed Watch Content */ = {
			isa = PBXCopyFilesBuildPhase;
			buildActionMask = 2147483647;
			dstPath = "$(CONTENTS_FOLDER_PATH)/Watch";
			dstSubfolderSpec = 16;
			files = (
				C35BBB581E5FC363006191C3 /* excore WatchKit App.app in Embed Watch Content */,
			);
			name = "Embed Watch Content";
			runOnlyForDeploymentPostprocessing = 0;
		};
/* End PBXCopyFilesBuildPhase section */

/* Begin PBXFileReference section */
		C35BBB2F1E5FC363006191C3 /* excore.app */ = {isa = PBXFileReference; explicitFileType = wrapper.application; includeInIndex = 0; path = excore.app; sourceTree = BUILT_PRODUCTS_DIR; };
		C35BBB321E5FC363006191C3 /* AppDelegate.swift */ = {isa = PBXFileReference; lastKnownFileType = sourcecode.swift; path = AppDelegate.swift; sourceTree = "<group>"; };
		C35BBB341E5FC363006191C3 /* ViewController.swift */ = {isa = PBXFileReference; lastKnownFileType = sourcecode.swift; path = ViewController.swift; sourceTree = "<group>"; };
		C35BBB371E5FC363006191C3 /* Base */ = {isa = PBXFileReference; lastKnownFileType = file.storyboard; name = Base; path = Base.lproj/Main.storyboard; sourceTree = "<group>"; };
		C35BBB391E5FC363006191C3 /* Assets.xcassets */ = {isa = PBXFileReference; lastKnownFileType = folder.assetcatalog; path = Assets.xcassets; sourceTree = "<group>"; };
		C35BBB3C1E5FC363006191C3 /* Base */ = {isa = PBXFileReference; lastKnownFileType = file.storyboard; name = Base; path = Base.lproj/LaunchScreen.storyboard; sourceTree = "<group>"; };
		C35BBB3E1E5FC363006191C3 /* Info.plist */ = {isa = PBXFileReference; lastKnownFileType = text.plist.xml; path = Info.plist; sourceTree = "<group>"; };
		C35BBB431E5FC363006191C3 /* excoreTests.xctest */ = {isa = PBXFileReference; explicitFileType = wrapper.cfbundle; includeInIndex = 0; path = excoreTests.xctest; sourceTree = BUILT_PRODUCTS_DIR; };
		C35BBB471E5FC363006191C3 /* excoreTests.swift */ = {isa = PBXFileReference; lastKnownFileType = sourcecode.swift; path = excoreTests.swift; sourceTree = "<group>"; };
		C35BBB491E5FC363006191C3 /* Info.plist */ = {isa = PBXFileReference; lastKnownFileType = text.plist.xml; path = Info.plist; sourceTree = "<group>"; };
		C35BBB4E1E5FC363006191C3 /* excoreUITests.xctest */ = {isa = PBXFileReference; explicitFileType = wrapper.cfbundle; includeInIndex = 0; path = excoreUITests.xctest; sourceTree = BUILT_PRODUCTS_DIR; };
		C35BBB521E5FC363006191C3 /* excoreUITests.swift */ = {isa = PBXFileReference; lastKnownFileType = sourcecode.swift; path = excoreUITests.swift; sourceTree = "<group>"; };
		C35BBB541E5FC363006191C3 /* Info.plist */ = {isa = PBXFileReference; lastKnownFileType = text.plist.xml; path = Info.plist; sourceTree = "<group>"; };
		C35BBB571E5FC363006191C3 /* excore WatchKit App.app */ = {isa = PBXFileReference; explicitFileType = wrapper.application; includeInIndex = 0; path = "excore WatchKit App.app"; sourceTree = BUILT_PRODUCTS_DIR; };
		C35BBB5D1E5FC363006191C3 /* Base */ = {isa = PBXFileReference; lastKnownFileType = file.storyboard; name = Base; path = Base.lproj/Interface.storyboard; sourceTree = "<group>"; };
		C35BBB5F1E5FC363006191C3 /* Assets.xcassets */ = {isa = PBXFileReference; lastKnownFileType = folder.assetcatalog; path = Assets.xcassets; sourceTree = "<group>"; };
		C35BBB611E5FC363006191C3 /* Info.plist */ = {isa = PBXFileReference; lastKnownFileType = text.plist.xml; path = Info.plist; sourceTree = "<group>"; };
		C35BBB661E5FC363006191C3 /* excore WatchKit Extension.appex */ = {isa = PBXFileReference; explicitFileType = "wrapper.app-extension"; includeInIndex = 0; path = "excore WatchKit Extension.appex"; sourceTree = BUILT_PRODUCTS_DIR; };
		C35BBB6C1E5FC363006191C3 /* PushNotificationPayload.apns */ = {isa = PBXFileReference; lastKnownFileType = text; path = PushNotificationPayload.apns; sourceTree = "<group>"; };
		C35BBB6F1E5FC363006191C3 /* ExtensionDelegate.swift */ = {isa = PBXFileReference; lastKnownFileType = sourcecode.swift; path = ExtensionDelegate.swift; sourceTree = "<group>"; };
		C35BBB711E5FC363006191C3 /* NotificationController.swift */ = {isa = PBXFileReference; lastKnownFileType = sourcecode.swift; path = NotificationController.swift; sourceTree = "<group>"; };
		C35BBB731E5FC363006191C3 /* Assets.xcassets */ = {isa = PBXFileReference; lastKnownFileType = folder.assetcatalog; path = Assets.xcassets; sourceTree = "<group>"; };
		C35BBB751E5FC363006191C3 /* Info.plist */ = {isa = PBXFileReference; lastKnownFileType = text.plist.xml; path = Info.plist; sourceTree = "<group>"; };
		C35BBB8A1E5FC44B006191C3 /* Flight.swift */ = {isa = PBXFileReference; fileEncoding = 4; lastKnownFileType = sourcecode.swift; path = Flight.swift; sourceTree = "<group>"; };
		C35BBB8B1E5FC44B006191C3 /* Flights.json */ = {isa = PBXFileReference; fileEncoding = 4; lastKnownFileType = text.json; path = Flights.json; sourceTree = "<group>"; };
		C35BBB901E5FC767006191C3 /* GameSelectController.swift */ = {isa = PBXFileReference; fileEncoding = 4; lastKnownFileType = sourcecode.swift; path = GameSelectController.swift; sourceTree = "<group>"; };
		C35BBB931E5FCB29006191C3 /* PingPongController.swift */ = {isa = PBXFileReference; fileEncoding = 4; lastKnownFileType = sourcecode.swift; path = PingPongController.swift; sourceTree = "<group>"; };
/* End PBXFileReference section */

/* Begin PBXFrameworksBuildPhase section */
		C35BBB2C1E5FC363006191C3 /* Frameworks */ = {
			isa = PBXFrameworksBuildPhase;
			buildActionMask = 2147483647;
			files = (
			);
			runOnlyForDeploymentPostprocessing = 0;
		};
		C35BBB401E5FC363006191C3 /* Frameworks */ = {
			isa = PBXFrameworksBuildPhase;
			buildActionMask = 2147483647;
			files = (
			);
			runOnlyForDeploymentPostprocessing = 0;
		};
		C35BBB4B1E5FC363006191C3 /* Frameworks */ = {
			isa = PBXFrameworksBuildPhase;
			buildActionMask = 2147483647;
			files = (
			);
			runOnlyForDeploymentPostprocessing = 0;
		};
		C35BBB631E5FC363006191C3 /* Frameworks */ = {
			isa = PBXFrameworksBuildPhase;
			buildActionMask = 2147483647;
			files = (
			);
			runOnlyForDeploymentPostprocessing = 0;
		};
/* End PBXFrameworksBuildPhase section */

/* Begin PBXGroup section */
		C35BBB261E5FC363006191C3 = {
			isa = PBXGroup;
			children = (
				C35BBB891E5FC41E006191C3 /* shared */,
				C35BBB311E5FC363006191C3 /* excore */,
				C35BBB461E5FC363006191C3 /* excoreTests */,
				C35BBB511E5FC363006191C3 /* excoreUITests */,
				C35BBB5B1E5FC363006191C3 /* excore WatchKit App */,
				C35BBB6A1E5FC363006191C3 /* excore WatchKit Extension */,
				C35BBB301E5FC363006191C3 /* Products */,
			);
			sourceTree = "<group>";
		};
		C35BBB301E5FC363006191C3 /* Products */ = {
			isa = PBXGroup;
			children = (
				C35BBB2F1E5FC363006191C3 /* excore.app */,
				C35BBB431E5FC363006191C3 /* excoreTests.xctest */,
				C35BBB4E1E5FC363006191C3 /* excoreUITests.xctest */,
				C35BBB571E5FC363006191C3 /* excore WatchKit App.app */,
				C35BBB661E5FC363006191C3 /* excore WatchKit Extension.appex */,
			);
			name = Products;
			sourceTree = "<group>";
		};
		C35BBB311E5FC363006191C3 /* excore */ = {
			isa = PBXGroup;
			children = (
				C35BBB321E5FC363006191C3 /* AppDelegate.swift */,
				C35BBB341E5FC363006191C3 /* ViewController.swift */,
				C35BBB361E5FC363006191C3 /* Main.storyboard */,
				C35BBB391E5FC363006191C3 /* Assets.xcassets */,
				C35BBB3B1E5FC363006191C3 /* LaunchScreen.storyboard */,
				C35BBB3E1E5FC363006191C3 /* Info.plist */,
			);
			path = excore;
			sourceTree = "<group>";
		};
		C35BBB461E5FC363006191C3 /* excoreTests */ = {
			isa = PBXGroup;
			children = (
				C35BBB471E5FC363006191C3 /* excoreTests.swift */,
				C35BBB491E5FC363006191C3 /* Info.plist */,
			);
			path = excoreTests;
			sourceTree = "<group>";
		};
		C35BBB511E5FC363006191C3 /* excoreUITests */ = {
			isa = PBXGroup;
			children = (
				C35BBB521E5FC363006191C3 /* excoreUITests.swift */,
				C35BBB541E5FC363006191C3 /* Info.plist */,
			);
			path = excoreUITests;
			sourceTree = "<group>";
		};
		C35BBB5B1E5FC363006191C3 /* excore WatchKit App */ = {
			isa = PBXGroup;
			children = (
				C35BBB5C1E5FC363006191C3 /* Interface.storyboard */,
				C35BBB5F1E5FC363006191C3 /* Assets.xcassets */,
				C35BBB611E5FC363006191C3 /* Info.plist */,
			);
			path = "excore WatchKit App";
			sourceTree = "<group>";
		};
		C35BBB6A1E5FC363006191C3 /* excore WatchKit Extension */ = {
			isa = PBXGroup;
			children = (
				C35BBB6F1E5FC363006191C3 /* ExtensionDelegate.swift */,
				C35BBB711E5FC363006191C3 /* NotificationController.swift */,
				C35BBB731E5FC363006191C3 /* Assets.xcassets */,
				C35BBB751E5FC363006191C3 /* Info.plist */,
				C35BBB6B1E5FC363006191C3 /* Supporting Files */,
				C35BBB901E5FC767006191C3 /* GameSelectController.swift */,
				C35BBB931E5FCB29006191C3 /* PingPongController.swift */,
			);
			path = "excore WatchKit Extension";
			sourceTree = "<group>";
		};
		C35BBB6B1E5FC363006191C3 /* Supporting Files */ = {
			isa = PBXGroup;
			children = (
				C35BBB6C1E5FC363006191C3 /* PushNotificationPayload.apns */,
			);
			name = "Supporting Files";
			sourceTree = "<group>";
		};
		C35BBB891E5FC41E006191C3 /* shared */ = {
			isa = PBXGroup;
			children = (
				C35BBB8A1E5FC44B006191C3 /* Flight.swift */,
				C35BBB8B1E5FC44B006191C3 /* Flights.json */,
			);
			name = shared;
			sourceTree = "<group>";
		};
/* End PBXGroup section */

/* Begin PBXNativeTarget section */
		C35BBB2E1E5FC363006191C3 /* excore */ = {
			isa = PBXNativeTarget;
			buildConfigurationList = C35BBB801E5FC363006191C3 /* Build configuration list for PBXNativeTarget "excore" */;
			buildPhases = (
				C35BBB2B1E5FC363006191C3 /* Sources */,
				C35BBB2C1E5FC363006191C3 /* Frameworks */,
				C35BBB2D1E5FC363006191C3 /* Resources */,
				C35BBB7F1E5FC363006191C3 /* Embed Watch Content */,
			);
			buildRules = (
			);
			dependencies = (
				C35BBB5A1E5FC363006191C3 /* PBXTargetDependency */,
			);
			name = excore;
			productName = excore;
			productReference = C35BBB2F1E5FC363006191C3 /* excore.app */;
			productType = "com.apple.product-type.application";
		};
		C35BBB421E5FC363006191C3 /* excoreTests */ = {
			isa = PBXNativeTarget;
			buildConfigurationList = C35BBB831E5FC363006191C3 /* Build configuration list for PBXNativeTarget "excoreTests" */;
			buildPhases = (
				C35BBB3F1E5FC363006191C3 /* Sources */,
				C35BBB401E5FC363006191C3 /* Frameworks */,
				C35BBB411E5FC363006191C3 /* Resources */,
			);
			buildRules = (
			);
			dependencies = (
				C35BBB451E5FC363006191C3 /* PBXTargetDependency */,
			);
			name = excoreTests;
			productName = excoreTests;
			productReference = C35BBB431E5FC363006191C3 /* excoreTests.xctest */;
			productType = "com.apple.product-type.bundle.unit-test";
		};
		C35BBB4D1E5FC363006191C3 /* excoreUITests */ = {
			isa = PBXNativeTarget;
			buildConfigurationList = C35BBB861E5FC363006191C3 /* Build configuration list for PBXNativeTarget "excoreUITests" */;
			buildPhases = (
				C35BBB4A1E5FC363006191C3 /* Sources */,
				C35BBB4B1E5FC363006191C3 /* Frameworks */,
				C35BBB4C1E5FC363006191C3 /* Resources */,
			);
			buildRules = (
			);
			dependencies = (
				C35BBB501E5FC363006191C3 /* PBXTargetDependency */,
			);
			name = excoreUITests;
			productName = excoreUITests;
			productReference = C35BBB4E1E5FC363006191C3 /* excoreUITests.xctest */;
			productType = "com.apple.product-type.bundle.ui-testing";
		};
		C35BBB561E5FC363006191C3 /* excore WatchKit App */ = {
			isa = PBXNativeTarget;
			buildConfigurationList = C35BBB7C1E5FC363006191C3 /* Build configuration list for PBXNativeTarget "excore WatchKit App" */;
			buildPhases = (
				C35BBB551E5FC363006191C3 /* Resources */,
				C35BBB7B1E5FC363006191C3 /* Embed App Extensions */,
			);
			buildRules = (
			);
			dependencies = (
				C35BBB691E5FC363006191C3 /* PBXTargetDependency */,
			);
			name = "excore WatchKit App";
			productName = "excore WatchKit App";
			productReference = C35BBB571E5FC363006191C3 /* excore WatchKit App.app */;
			productType = "com.apple.product-type.application.watchapp2";
		};
		C35BBB651E5FC363006191C3 /* excore WatchKit Extension */ = {
			isa = PBXNativeTarget;
			buildConfigurationList = C35BBB781E5FC363006191C3 /* Build configuration list for PBXNativeTarget "excore WatchKit Extension" */;
			buildPhases = (
				C35BBB621E5FC363006191C3 /* Sources */,
				C35BBB631E5FC363006191C3 /* Frameworks */,
				C35BBB641E5FC363006191C3 /* Resources */,
			);
			buildRules = (
			);
			dependencies = (
			);
			name = "excore WatchKit Extension";
			productName = "excore WatchKit Extension";
			productReference = C35BBB661E5FC363006191C3 /* excore WatchKit Extension.appex */;
			productType = "com.apple.product-type.watchkit2-extension";
		};
/* End PBXNativeTarget section */

/* Begin PBXProject section */
		C35BBB271E5FC363006191C3 /* Project object */ = {
			isa = PBXProject;
			attributes = {
				LastSwiftUpdateCheck = 0820;
				LastUpgradeCheck = 0820;
				ORGANIZATIONNAME = Nexogy;
				TargetAttributes = {
					C35BBB2E1E5FC363006191C3 = {
						CreatedOnToolsVersion = 8.2.1;
						DevelopmentTeam = BBL4V3GF9N;
						ProvisioningStyle = Automatic;
					};
					C35BBB421E5FC363006191C3 = {
						CreatedOnToolsVersion = 8.2.1;
						DevelopmentTeam = BBL4V3GF9N;
						ProvisioningStyle = Automatic;
						TestTargetID = C35BBB2E1E5FC363006191C3;
					};
					C35BBB4D1E5FC363006191C3 = {
						CreatedOnToolsVersion = 8.2.1;
						DevelopmentTeam = BBL4V3GF9N;
						ProvisioningStyle = Automatic;
						TestTargetID = C35BBB2E1E5FC363006191C3;
					};
					C35BBB561E5FC363006191C3 = {
						CreatedOnToolsVersion = 8.2.1;
						DevelopmentTeam = BBL4V3GF9N;
						ProvisioningStyle = Automatic;
					};
					C35BBB651E5FC363006191C3 = {
						CreatedOnToolsVersion = 8.2.1;
						DevelopmentTeam = BBL4V3GF9N;
						ProvisioningStyle = Automatic;
					};
				};
			};
			buildConfigurationList = C35BBB2A1E5FC363006191C3 /* Build configuration list for PBXProject "excore" */;
			compatibilityVersion = "Xcode 3.2";
			developmentRegion = English;
			hasScannedForEncodings = 0;
			knownRegions = (
				en,
				Base,
			);
			mainGroup = C35BBB261E5FC363006191C3;
			productRefGroup = C35BBB301E5FC363006191C3 /* Products */;
			projectDirPath = "";
			projectRoot = "";
			targets = (
				C35BBB2E1E5FC363006191C3 /* excore */,
				C35BBB421E5FC363006191C3 /* excoreTests */,
				C35BBB4D1E5FC363006191C3 /* excoreUITests */,
				C35BBB561E5FC363006191C3 /* excore WatchKit App */,
				C35BBB651E5FC363006191C3 /* excore WatchKit Extension */,
			);
		};
/* End PBXProject section */

/* Begin PBXResourcesBuildPhase section */
		C35BBB2D1E5FC363006191C3 /* Resources */ = {
			isa = PBXResourcesBuildPhase;
			buildActionMask = 2147483647;
			files = (
				C35BBB3D1E5FC363006191C3 /* LaunchScreen.storyboard in Resources */,
				C35BBB8E1E5FC44B006191C3 /* Flights.json in Resources */,
				C35BBB3A1E5FC363006191C3 /* Assets.xcassets in Resources */,
				C35BBB381E5FC363006191C3 /* Main.storyboard in Resources */,
			);
			runOnlyForDeploymentPostprocessing = 0;
		};
		C35BBB411E5FC363006191C3 /* Resources */ = {
			isa = PBXResourcesBuildPhase;
			buildActionMask = 2147483647;
			files = (
			);
			runOnlyForDeploymentPostprocessing = 0;
		};
		C35BBB4C1E5FC363006191C3 /* Resources */ = {
			isa = PBXResourcesBuildPhase;
			buildActionMask = 2147483647;
			files = (
			);
			runOnlyForDeploymentPostprocessing = 0;
		};
		C35BBB551E5FC363006191C3 /* Resources */ = {
			isa = PBXResourcesBuildPhase;
			buildActionMask = 2147483647;
			files = (
				C35BBB601E5FC363006191C3 /* Assets.xcassets in Resources */,
				C35BBB5E1E5FC363006191C3 /* Interface.storyboard in Resources */,
			);
			runOnlyForDeploymentPostprocessing = 0;
		};
		C35BBB641E5FC363006191C3 /* Resources */ = {
			isa = PBXResourcesBuildPhase;
			buildActionMask = 2147483647;
			files = (
				C35BBB741E5FC363006191C3 /* Assets.xcassets in Resources */,
				C35BBB8F1E5FC44B006191C3 /* Flights.json in Resources */,
			);
			runOnlyForDeploymentPostprocessing = 0;
		};
/* End PBXResourcesBuildPhase section */

/* Begin PBXSourcesBuildPhase section */
		C35BBB2B1E5FC363006191C3 /* Sources */ = {
			isa = PBXSourcesBuildPhase;
			buildActionMask = 2147483647;
			files = (
				C35BBB8C1E5FC44B006191C3 /* Flight.swift in Sources */,
				C35BBB941E5FCB29006191C3 /* PingPongController.swift in Sources */,
				C35BBB351E5FC363006191C3 /* ViewController.swift in Sources */,
				C35BBB331E5FC363006191C3 /* AppDelegate.swift in Sources */,
				C35BBB911E5FC767006191C3 /* GameSelectController.swift in Sources */,
			);
			runOnlyForDeploymentPostprocessing = 0;
		};
		C35BBB3F1E5FC363006191C3 /* Sources */ = {
			isa = PBXSourcesBuildPhase;
			buildActionMask = 2147483647;
			files = (
				C35BBB481E5FC363006191C3 /* excoreTests.swift in Sources */,
			);
			runOnlyForDeploymentPostprocessing = 0;
		};
		C35BBB4A1E5FC363006191C3 /* Sources */ = {
			isa = PBXSourcesBuildPhase;
			buildActionMask = 2147483647;
			files = (
				C35BBB531E5FC363006191C3 /* excoreUITests.swift in Sources */,
			);
			runOnlyForDeploymentPostprocessing = 0;
		};
		C35BBB621E5FC363006191C3 /* Sources */ = {
			isa = PBXSourcesBuildPhase;
			buildActionMask = 2147483647;
			files = (
				C35BBB721E5FC363006191C3 /* NotificationController.swift in Sources */,
				C35BBB951E5FCB29006191C3 /* PingPongController.swift in Sources */,
				C35BBB8D1E5FC44B006191C3 /* Flight.swift in Sources */,
				C35BBB701E5FC363006191C3 /* ExtensionDelegate.swift in Sources */,
				C35BBB921E5FC767006191C3 /* GameSelectController.swift in Sources */,
			);
			runOnlyForDeploymentPostprocessing = 0;
		};
/* End PBXSourcesBuildPhase section */

/* Begin PBXTargetDependency section */
		C35BBB451E5FC363006191C3 /* PBXTargetDependency */ = {
			isa = PBXTargetDependency;
			target = C35BBB2E1E5FC363006191C3 /* excore */;
			targetProxy = C35BBB441E5FC363006191C3 /* PBXContainerItemProxy */;
		};
		C35BBB501E5FC363006191C3 /* PBXTargetDependency */ = {
			isa = PBXTargetDependency;
			target = C35BBB2E1E5FC363006191C3 /* excore */;
			targetProxy = C35BBB4F1E5FC363006191C3 /* PBXContainerItemProxy */;
		};
		C35BBB5A1E5FC363006191C3 /* PBXTargetDependency */ = {
			isa = PBXTargetDependency;
			target = C35BBB561E5FC363006191C3 /* excore WatchKit App */;
			targetProxy = C35BBB591E5FC363006191C3 /* PBXContainerItemProxy */;
		};
		C35BBB691E5FC363006191C3 /* PBXTargetDependency */ = {
			isa = PBXTargetDependency;
			target = C35BBB651E5FC363006191C3 /* excore WatchKit Extension */;
			targetProxy = C35BBB681E5FC363006191C3 /* PBXContainerItemProxy */;
		};
/* End PBXTargetDependency section */

/* Begin PBXVariantGroup section */
		C35BBB361E5FC363006191C3 /* Main.storyboard */ = {
			isa = PBXVariantGroup;
			children = (
				C35BBB371E5FC363006191C3 /* Base */,
			);
			name = Main.storyboard;
			sourceTree = "<group>";
		};
		C35BBB3B1E5FC363006191C3 /* LaunchScreen.storyboard */ = {
			isa = PBXVariantGroup;
			children = (
				C35BBB3C1E5FC363006191C3 /* Base */,
			);
			name = LaunchScreen.storyboard;
			sourceTree = "<group>";
		};
		C35BBB5C1E5FC363006191C3 /* Interface.storyboard */ = {
			isa = PBXVariantGroup;
			children = (
				C35BBB5D1E5FC363006191C3 /* Base */,
			);
			name = Interface.storyboard;
			sourceTree = "<group>";
		};
/* End PBXVariantGroup section */

/* Begin XCBuildConfiguration section */
		C35BBB761E5FC363006191C3 /* Debug */ = {
			isa = XCBuildConfiguration;
			buildSettings = {
				ALWAYS_SEARCH_USER_PATHS = NO;
				CLANG_ANALYZER_NONNULL = YES;
				CLANG_CXX_LANGUAGE_STANDARD = "gnu++0x";
				CLANG_CXX_LIBRARY = "libc++";
				CLANG_ENABLE_MODULES = YES;
				CLANG_ENABLE_OBJC_ARC = YES;
				CLANG_WARN_BOOL_CONVERSION = YES;
				CLANG_WARN_CONSTANT_CONVERSION = YES;
				CLANG_WARN_DIRECT_OBJC_ISA_USAGE = YES_ERROR;
				CLANG_WARN_DOCUMENTATION_COMMENTS = YES;
				CLANG_WARN_EMPTY_BODY = YES;
				CLANG_WARN_ENUM_CONVERSION = YES;
				CLANG_WARN_INFINITE_RECURSION = YES;
				CLANG_WARN_INT_CONVERSION = YES;
				CLANG_WARN_OBJC_ROOT_CLASS = YES_ERROR;
				CLANG_WARN_SUSPICIOUS_MOVE = YES;
				CLANG_WARN_UNREACHABLE_CODE = YES;
				CLANG_WARN__DUPLICATE_METHOD_MATCH = YES;
				"CODE_SIGN_IDENTITY[sdk=iphoneos*]" = "iPhone Developer";
				COPY_PHASE_STRIP = NO;
				DEBUG_INFORMATION_FORMAT = dwarf;
				ENABLE_STRICT_OBJC_MSGSEND = YES;
				ENABLE_TESTABILITY = YES;
				GCC_C_LANGUAGE_STANDARD = gnu99;
				GCC_DYNAMIC_NO_PIC = NO;
				GCC_NO_COMMON_BLOCKS = YES;
				GCC_OPTIMIZATION_LEVEL = 0;
				GCC_PREPROCESSOR_DEFINITIONS = (
					"DEBUG=1",
					"$(inherited)",
				);
				GCC_WARN_64_TO_32_BIT_CONVERSION = YES;
				GCC_WARN_ABOUT_RETURN_TYPE = YES_ERROR;
				GCC_WARN_UNDECLARED_SELECTOR = YES;
				GCC_WARN_UNINITIALIZED_AUTOS = YES_AGGRESSIVE;
				GCC_WARN_UNUSED_FUNCTION = YES;
				GCC_WARN_UNUSED_VARIABLE = YES;
				IPHONEOS_DEPLOYMENT_TARGET = 10.2;
				MTL_ENABLE_DEBUG_INFO = YES;
				ONLY_ACTIVE_ARCH = YES;
				SDKROOT = iphoneos;
				SWIFT_ACTIVE_COMPILATION_CONDITIONS = DEBUG;
				SWIFT_OPTIMIZATION_LEVEL = "-Onone";
				TARGETED_DEVICE_FAMILY = "1,2";
			};
			name = Debug;
		};
		C35BBB771E5FC363006191C3 /* Release */ = {
			isa = XCBuildConfiguration;
			buildSettings = {
				ALWAYS_SEARCH_USER_PATHS = NO;
				CLANG_ANALYZER_NONNULL = YES;
				CLANG_CXX_LANGUAGE_STANDARD = "gnu++0x";
				CLANG_CXX_LIBRARY = "libc++";
				CLANG_ENABLE_MODULES = YES;
				CLANG_ENABLE_OBJC_ARC = YES;
				CLANG_WARN_BOOL_CONVERSION = YES;
				CLANG_WARN_CONSTANT_CONVERSION = YES;
				CLANG_WARN_DIRECT_OBJC_ISA_USAGE = YES_ERROR;
				CLANG_WARN_DOCUMENTATION_COMMENTS = YES;
				CLANG_WARN_EMPTY_BODY = YES;
				CLANG_WARN_ENUM_CONVERSION = YES;
				CLANG_WARN_INFINITE_RECURSION = YES;
				CLANG_WARN_INT_CONVERSION = YES;
				CLANG_WARN_OBJC_ROOT_CLASS = YES_ERROR;
				CLANG_WARN_SUSPICIOUS_MOVE = YES;
				CLANG_WARN_UNREACHABLE_CODE = YES;
				CLANG_WARN__DUPLICATE_METHOD_MATCH = YES;
				"CODE_SIGN_IDENTITY[sdk=iphoneos*]" = "iPhone Developer";
				COPY_PHASE_STRIP = NO;
				DEBUG_INFORMATION_FORMAT = "dwarf-with-dsym";
				ENABLE_NS_ASSERTIONS = NO;
				ENABLE_STRICT_OBJC_MSGSEND = YES;
				GCC_C_LANGUAGE_STANDARD = gnu99;
				GCC_NO_COMMON_BLOCKS = YES;
				GCC_WARN_64_TO_32_BIT_CONVERSION = YES;
				GCC_WARN_ABOUT_RETURN_TYPE = YES_ERROR;
				GCC_WARN_UNDECLARED_SELECTOR = YES;
				GCC_WARN_UNINITIALIZED_AUTOS = YES_AGGRESSIVE;
				GCC_WARN_UNUSED_FUNCTION = YES;
				GCC_WARN_UNUSED_VARIABLE = YES;
				IPHONEOS_DEPLOYMENT_TARGET = 10.2;
				MTL_ENABLE_DEBUG_INFO = NO;
				SDKROOT = iphoneos;
				SWIFT_OPTIMIZATION_LEVEL = "-Owholemodule";
				TARGETED_DEVICE_FAMILY = "1,2";
				VALIDATE_PRODUCT = YES;
			};
			name = Release;
		};
		C35BBB791E5FC363006191C3 /* Debug */ = {
			isa = XCBuildConfiguration;
			buildSettings = {
				ASSETCATALOG_COMPILER_COMPLICATION_NAME = Complication;
				DEVELOPMENT_TEAM = BBL4V3GF9N;
				INFOPLIST_FILE = "excore WatchKit Extension/Info.plist";
				LD_RUNPATH_SEARCH_PATHS = "$(inherited) @executable_path/Frameworks @executable_path/../../Frameworks";
				PRODUCT_BUNDLE_IDENTIFIER = com.nexogy.excore.watchkitapp.watchkitextension;
				PRODUCT_NAME = "${TARGET_NAME}";
				SDKROOT = watchos;
				SKIP_INSTALL = YES;
				SWIFT_VERSION = 3.0;
				TARGETED_DEVICE_FAMILY = 4;
				WATCHOS_DEPLOYMENT_TARGET = 3.1;
			};
			name = Debug;
		};
		C35BBB7A1E5FC363006191C3 /* Release */ = {
			isa = XCBuildConfiguration;
			buildSettings = {
				ASSETCATALOG_COMPILER_COMPLICATION_NAME = Complication;
				DEVELOPMENT_TEAM = BBL4V3GF9N;
				INFOPLIST_FILE = "excore WatchKit Extension/Info.plist";
				LD_RUNPATH_SEARCH_PATHS = "$(inherited) @executable_path/Frameworks @executable_path/../../Frameworks";
				PRODUCT_BUNDLE_IDENTIFIER = com.nexogy.excore.watchkitapp.watchkitextension;
				PRODUCT_NAME = "${TARGET_NAME}";
				SDKROOT = watchos;
				SKIP_INSTALL = YES;
				SWIFT_VERSION = 3.0;
				TARGETED_DEVICE_FAMILY = 4;
				WATCHOS_DEPLOYMENT_TARGET = 3.1;
			};
			name = Release;
		};
		C35BBB7D1E5FC363006191C3 /* Debug */ = {
			isa = XCBuildConfiguration;
			buildSettings = {
				ALWAYS_EMBED_SWIFT_STANDARD_LIBRARIES = YES;
				ASSETCATALOG_COMPILER_APPICON_NAME = AppIcon;
				DEVELOPMENT_TEAM = BBL4V3GF9N;
				IBSC_MODULE = excore_WatchKit_Extension;
				INFOPLIST_FILE = "excore WatchKit App/Info.plist";
				PRODUCT_BUNDLE_IDENTIFIER = com.nexogy.excore.watchkitapp;
				PRODUCT_NAME = "$(TARGET_NAME)";
				SDKROOT = watchos;
				SKIP_INSTALL = YES;
				SWIFT_VERSION = 3.0;
				TARGETED_DEVICE_FAMILY = 4;
				WATCHOS_DEPLOYMENT_TARGET = 3.1;
			};
			name = Debug;
		};
		C35BBB7E1E5FC363006191C3 /* Release */ = {
			isa = XCBuildConfiguration;
			buildSettings = {
				ALWAYS_EMBED_SWIFT_STANDARD_LIBRARIES = YES;
				ASSETCATALOG_COMPILER_APPICON_NAME = AppIcon;
				DEVELOPMENT_TEAM = BBL4V3GF9N;
				IBSC_MODULE = excore_WatchKit_Extension;
				INFOPLIST_FILE = "excore WatchKit App/Info.plist";
				PRODUCT_BUNDLE_IDENTIFIER = com.nexogy.excore.watchkitapp;
				PRODUCT_NAME = "$(TARGET_NAME)";
				SDKROOT = watchos;
				SKIP_INSTALL = YES;
				SWIFT_VERSION = 3.0;
				TARGETED_DEVICE_FAMILY = 4;
				WATCHOS_DEPLOYMENT_TARGET = 3.1;
			};
			name = Release;
		};
		C35BBB811E5FC363006191C3 /* Debug */ = {
			isa = XCBuildConfiguration;
			buildSettings = {
				ASSETCATALOG_COMPILER_APPICON_NAME = AppIcon;
				DEVELOPMENT_TEAM = BBL4V3GF9N;
				INFOPLIST_FILE = excore/Info.plist;
				LD_RUNPATH_SEARCH_PATHS = "$(inherited) @executable_path/Frameworks";
				PRODUCT_BUNDLE_IDENTIFIER = com.nexogy.excore;
				PRODUCT_NAME = "$(TARGET_NAME)";
				SWIFT_VERSION = 3.0;
			};
			name = Debug;
		};
		C35BBB821E5FC363006191C3 /* Release */ = {
			isa = XCBuildConfiguration;
			buildSettings = {
				ASSETCATALOG_COMPILER_APPICON_NAME = AppIcon;
				DEVELOPMENT_TEAM = BBL4V3GF9N;
				INFOPLIST_FILE = excore/Info.plist;
				LD_RUNPATH_SEARCH_PATHS = "$(inherited) @executable_path/Frameworks";
				PRODUCT_BUNDLE_IDENTIFIER = com.nexogy.excore;
				PRODUCT_NAME = "$(TARGET_NAME)";
				SWIFT_VERSION = 3.0;
			};
			name = Release;
		};
		C35BBB841E5FC363006191C3 /* Debug */ = {
			isa = XCBuildConfiguration;
			buildSettings = {
				ALWAYS_EMBED_SWIFT_STANDARD_LIBRARIES = YES;
				BUNDLE_LOADER = "$(TEST_HOST)";
				DEVELOPMENT_TEAM = BBL4V3GF9N;
				INFOPLIST_FILE = excoreTests/Info.plist;
				LD_RUNPATH_SEARCH_PATHS = "$(inherited) @executable_path/Frameworks @loader_path/Frameworks";
				PRODUCT_BUNDLE_IDENTIFIER = com.nexogy.excoreTests;
				PRODUCT_NAME = "$(TARGET_NAME)";
				SWIFT_VERSION = 3.0;
				TEST_HOST = "$(BUILT_PRODUCTS_DIR)/excore.app/excore";
			};
			name = Debug;
		};
		C35BBB851E5FC363006191C3 /* Release */ = {
			isa = XCBuildConfiguration;
			buildSettings = {
				ALWAYS_EMBED_SWIFT_STANDARD_LIBRARIES = YES;
				BUNDLE_LOADER = "$(TEST_HOST)";
				DEVELOPMENT_TEAM = BBL4V3GF9N;
				INFOPLIST_FILE = excoreTests/Info.plist;
				LD_RUNPATH_SEARCH_PATHS = "$(inherited) @executable_path/Frameworks @loader_path/Frameworks";
				PRODUCT_BUNDLE_IDENTIFIER = com.nexogy.excoreTests;
				PRODUCT_NAME = "$(TARGET_NAME)";
				SWIFT_VERSION = 3.0;
				TEST_HOST = "$(BUILT_PRODUCTS_DIR)/excore.app/excore";
			};
			name = Release;
		};
		C35BBB871E5FC363006191C3 /* Debug */ = {
			isa = XCBuildConfiguration;
			buildSettings = {
				ALWAYS_EMBED_SWIFT_STANDARD_LIBRARIES = YES;
				DEVELOPMENT_TEAM = BBL4V3GF9N;
				INFOPLIST_FILE = excoreUITests/Info.plist;
				LD_RUNPATH_SEARCH_PATHS = "$(inherited) @executable_path/Frameworks @loader_path/Frameworks";
				PRODUCT_BUNDLE_IDENTIFIER = com.nexogy.excoreUITests;
				PRODUCT_NAME = "$(TARGET_NAME)";
				SWIFT_VERSION = 3.0;
				TEST_TARGET_NAME = excore;
			};
			name = Debug;
		};
		C35BBB881E5FC363006191C3 /* Release */ = {
			isa = XCBuildConfiguration;
			buildSettings = {
				ALWAYS_EMBED_SWIFT_STANDARD_LIBRARIES = YES;
				DEVELOPMENT_TEAM = BBL4V3GF9N;
				INFOPLIST_FILE = excoreUITests/Info.plist;
				LD_RUNPATH_SEARCH_PATHS = "$(inherited) @executable_path/Frameworks @loader_path/Frameworks";
				PRODUCT_BUNDLE_IDENTIFIER = com.nexogy.excoreUITests;
				PRODUCT_NAME = "$(TARGET_NAME)";
				SWIFT_VERSION = 3.0;
				TEST_TARGET_NAME = excore;
			};
			name = Release;
		};
/* End XCBuildConfiguration section */

/* Begin XCConfigurationList section */
		C35BBB2A1E5FC363006191C3 /* Build configuration list for PBXProject "excore" */ = {
			isa = XCConfigurationList;
			buildConfigurations = (
				C35BBB761E5FC363006191C3 /* Debug */,
				C35BBB771E5FC363006191C3 /* Release */,
			);
			defaultConfigurationIsVisible = 0;
			defaultConfigurationName = Release;
		};
		C35BBB781E5FC363006191C3 /* Build configuration list for PBXNativeTarget "excore WatchKit Extension" */ = {
			isa = XCConfigurationList;
			buildConfigurations = (
				C35BBB791E5FC363006191C3 /* Debug */,
				C35BBB7A1E5FC363006191C3 /* Release */,
			);
			defaultConfigurationIsVisible = 0;
		};
		C35BBB7C1E5FC363006191C3 /* Build configuration list for PBXNativeTarget "excore WatchKit App" */ = {
			isa = XCConfigurationList;
			buildConfigurations = (
				C35BBB7D1E5FC363006191C3 /* Debug */,
				C35BBB7E1E5FC363006191C3 /* Release */,
			);
			defaultConfigurationIsVisible = 0;
		};
		C35BBB801E5FC363006191C3 /* Build configuration list for PBXNativeTarget "excore" */ = {
			isa = XCConfigurationList;
			buildConfigurations = (
				C35BBB811E5FC363006191C3 /* Debug */,
				C35BBB821E5FC363006191C3 /* Release */,
			);
			defaultConfigurationIsVisible = 0;
		};
		C35BBB831E5FC363006191C3 /* Build configuration list for PBXNativeTarget "excoreTests" */ = {
			isa = XCConfigurationList;
			buildConfigurations = (
				C35BBB841E5FC363006191C3 /* Debug */,
				C35BBB851E5FC363006191C3 /* Release */,
			);
			defaultConfigurationIsVisible = 0;
		};
		C35BBB861E5FC363006191C3 /* Build configuration list for PBXNativeTarget "excoreUITests" */ = {
			isa = XCConfigurationList;
			buildConfigurations = (
				C35BBB871E5FC363006191C3 /* Debug */,
				C35BBB881E5FC363006191C3 /* Release */,
			);
			defaultConfigurationIsVisible = 0;
		};
/* End XCConfigurationList section */
	};
	rootObject = C35BBB271E5FC363006191C3 /* Project object */;
}
